{
  "name": "thesis-portal",
  "version": "0.0.0",
  "lockfileVersion": 1,
  "requires": true,
  "dependencies": {
    "@types/ityped": {
      "version": "0.0.1",
      "resolved": "https://registry.npmjs.org/@types/ityped/-/ityped-0.0.1.tgz",
      "integrity": "sha1-zzuKq9Wxv+lg8aXlnNcTUuPRtr8="
    },
    "ityped": {
      "version": "0.0.10",
      "resolved": "https://registry.npmjs.org/ityped/-/ityped-0.0.10.tgz",
      "integrity": "sha1-Z77tY+oL/79ECGW1Jx8M983Xp1E="
    }
  }
}
